// !$*UTF8*$!
{
	archiveVersion = 1;
	classes = {
	};
	objectVersion = 56;
	objects = {

/* Begin PBXBuildFile section */
		3BA3875F2BE66FBB00D391AB /* HomeTaskApp.swift in Sources */ = {isa = PBXBuildFile; fileRef = 3BA3875E2BE66FBB00D391AB /* HomeTaskApp.swift */; };
		3BA387612BE66FBB00D391AB /* ContentView.swift in Sources */ = {isa = PBXBuildFile; fileRef = 3BA387602BE66FBB00D391AB /* ContentView.swift */; };
		3BA387632BE66FBF00D391AB /* Assets.xcassets in Resources */ = {isa = PBXBuildFile; fileRef = 3BA387622BE66FBF00D391AB /* Assets.xcassets */; };
		3BA387662BE66FBF00D391AB /* Preview Assets.xcassets in Resources */ = {isa = PBXBuildFile; fileRef = 3BA387652BE66FBF00D391AB /* Preview Assets.xcassets */; };
		3BA387742BEA718200D391AB /* FirebaseAnalytics in Frameworks */ = {isa = PBXBuildFile; productRef = 3BA387732BEA718200D391AB /* FirebaseAnalytics */; };
		3BA387762BEA718200D391AB /* FirebaseAnalyticsOnDeviceConversion in Frameworks */ = {isa = PBXBuildFile; productRef = 3BA387752BEA718200D391AB /* FirebaseAnalyticsOnDeviceConversion */; };
		3BA387782BEA718200D391AB /* FirebaseAnalyticsSwift in Frameworks */ = {isa = PBXBuildFile; productRef = 3BA387772BEA718200D391AB /* FirebaseAnalyticsSwift */; };
		3BA3877A2BEA718200D391AB /* FirebaseAnalyticsWithoutAdIdSupport in Frameworks */ = {isa = PBXBuildFile; productRef = 3BA387792BEA718200D391AB /* FirebaseAnalyticsWithoutAdIdSupport */; };
		3BA3877C2BEA718200D391AB /* FirebaseAppCheck in Frameworks */ = {isa = PBXBuildFile; productRef = 3BA3877B2BEA718200D391AB /* FirebaseAppCheck */; };
		3BA3877E2BEA718200D391AB /* FirebaseAppDistribution-Beta in Frameworks */ = {isa = PBXBuildFile; productRef = 3BA3877D2BEA718200D391AB /* FirebaseAppDistribution-Beta */; };
		3BA387802BEA718200D391AB /* FirebaseAuth in Frameworks */ = {isa = PBXBuildFile; productRef = 3BA3877F2BEA718200D391AB /* FirebaseAuth */; };
		3BA387822BEA718200D391AB /* FirebaseAuthCombine-Community in Frameworks */ = {isa = PBXBuildFile; productRef = 3BA387812BEA718200D391AB /* FirebaseAuthCombine-Community */; };
		3BA387842BEA718200D391AB /* FirebaseCrashlytics in Frameworks */ = {isa = PBXBuildFile; productRef = 3BA387832BEA718200D391AB /* FirebaseCrashlytics */; };
		3BA387862BEA718200D391AB /* FirebaseDatabase in Frameworks */ = {isa = PBXBuildFile; productRef = 3BA387852BEA718200D391AB /* FirebaseDatabase */; };
		3BA387882BEA718200D391AB /* FirebaseDatabaseSwift in Frameworks */ = {isa = PBXBuildFile; productRef = 3BA387872BEA718200D391AB /* FirebaseDatabaseSwift */; };
		3BA3878A2BEA718200D391AB /* FirebaseDynamicLinks in Frameworks */ = {isa = PBXBuildFile; productRef = 3BA387892BEA718200D391AB /* FirebaseDynamicLinks */; };
		3BA3878C2BEA718200D391AB /* FirebaseFirestore in Frameworks */ = {isa = PBXBuildFile; productRef = 3BA3878B2BEA718200D391AB /* FirebaseFirestore */; };
		3BA3878E2BEA718200D391AB /* FirebaseFirestoreCombine-Community in Frameworks */ = {isa = PBXBuildFile; productRef = 3BA3878D2BEA718200D391AB /* FirebaseFirestoreCombine-Community */; };
		3BA387902BEA718200D391AB /* FirebaseFirestoreSwift in Frameworks */ = {isa = PBXBuildFile; productRef = 3BA3878F2BEA718200D391AB /* FirebaseFirestoreSwift */; };
		3BA387922BEA718200D391AB /* FirebaseFunctions in Frameworks */ = {isa = PBXBuildFile; productRef = 3BA387912BEA718200D391AB /* FirebaseFunctions */; };
		3BA387942BEA718200D391AB /* FirebaseFunctionsCombine-Community in Frameworks */ = {isa = PBXBuildFile; productRef = 3BA387932BEA718200D391AB /* FirebaseFunctionsCombine-Community */; };
		3BA387962BEA718200D391AB /* FirebaseInAppMessaging-Beta in Frameworks */ = {isa = PBXBuildFile; productRef = 3BA387952BEA718200D391AB /* FirebaseInAppMessaging-Beta */; };
		3BA387982BEA718200D391AB /* FirebaseInAppMessagingSwift-Beta in Frameworks */ = {isa = PBXBuildFile; productRef = 3BA387972BEA718200D391AB /* FirebaseInAppMessagingSwift-Beta */; };
		3BA3879A2BEA718200D391AB /* FirebaseInstallations in Frameworks */ = {isa = PBXBuildFile; productRef = 3BA387992BEA718200D391AB /* FirebaseInstallations */; };
		3BA3879C2BEA718200D391AB /* FirebaseMLModelDownloader in Frameworks */ = {isa = PBXBuildFile; productRef = 3BA3879B2BEA718200D391AB /* FirebaseMLModelDownloader */; };
		3BA3879E2BEA718200D391AB /* FirebaseMessaging in Frameworks */ = {isa = PBXBuildFile; productRef = 3BA3879D2BEA718200D391AB /* FirebaseMessaging */; };
		3BA387A02BEA718200D391AB /* FirebasePerformance in Frameworks */ = {isa = PBXBuildFile; productRef = 3BA3879F2BEA718200D391AB /* FirebasePerformance */; };
		3BA387A22BEA718200D391AB /* FirebaseRemoteConfig in Frameworks */ = {isa = PBXBuildFile; productRef = 3BA387A12BEA718200D391AB /* FirebaseRemoteConfig */; };
		3BA387A42BEA718200D391AB /* FirebaseRemoteConfigSwift in Frameworks */ = {isa = PBXBuildFile; productRef = 3BA387A32BEA718200D391AB /* FirebaseRemoteConfigSwift */; };
		3BA387A62BEA718200D391AB /* FirebaseStorage in Frameworks */ = {isa = PBXBuildFile; productRef = 3BA387A52BEA718200D391AB /* FirebaseStorage */; };
		3BA387A82BEA718200D391AB /* FirebaseStorageCombine-Community in Frameworks */ = {isa = PBXBuildFile; productRef = 3BA387A72BEA718200D391AB /* FirebaseStorageCombine-Community */; };
/* End PBXBuildFile section */

/* Begin PBXFileReference section */
		3BA3875B2BE66FBB00D391AB /* HomeTask.app */ = {isa = PBXFileReference; explicitFileType = wrapper.application; includeInIndex = 0; path = HomeTask.app; sourceTree = BUILT_PRODUCTS_DIR; };
		3BA3875E2BE66FBB00D391AB /* HomeTaskApp.swift */ = {isa = PBXFileReference; lastKnownFileType = sourcecode.swift; path = HomeTaskApp.swift; sourceTree = "<group>"; };
		3BA387602BE66FBB00D391AB /* ContentView.swift */ = {isa = PBXFileReference; lastKnownFileType = sourcecode.swift; path = ContentView.swift; sourceTree = "<group>"; };
		3BA387622BE66FBF00D391AB /* Assets.xcassets */ = {isa = PBXFileReference; lastKnownFileType = folder.assetcatalog; path = Assets.xcassets; sourceTree = "<group>"; };
		3BA387652BE66FBF00D391AB /* Preview Assets.xcassets */ = {isa = PBXFileReference; lastKnownFileType = folder.assetcatalog; path = "Preview Assets.xcassets"; sourceTree = "<group>"; };
/* End PBXFileReference section */

/* Begin PBXFrameworksBuildPhase section */
		3BA387582BE66FBB00D391AB /* Frameworks */ = {
			isa = PBXFrameworksBuildPhase;
			buildActionMask = 2147483647;
			files = (
				3BA387862BEA718200D391AB /* FirebaseDatabase in Frameworks */,
				3BA387942BEA718200D391AB /* FirebaseFunctionsCombine-Community in Frameworks */,
				3BA3878C2BEA718200D391AB /* FirebaseFirestore in Frameworks */,
				3BA387782BEA718200D391AB /* FirebaseAnalyticsSwift in Frameworks */,
				3BA387742BEA718200D391AB /* FirebaseAnalytics in Frameworks */,
				3BA387762BEA718200D391AB /* FirebaseAnalyticsOnDeviceConversion in Frameworks */,
				3BA3879C2BEA718200D391AB /* FirebaseMLModelDownloader in Frameworks */,
				3BA387902BEA718200D391AB /* FirebaseFirestoreSwift in Frameworks */,
				3BA3877C2BEA718200D391AB /* FirebaseAppCheck in Frameworks */,
				3BA3877A2BEA718200D391AB /* FirebaseAnalyticsWithoutAdIdSupport in Frameworks */,
				3BA387802BEA718200D391AB /* FirebaseAuth in Frameworks */,
				3BA387842BEA718200D391AB /* FirebaseCrashlytics in Frameworks */,
				3BA387A42BEA718200D391AB /* FirebaseRemoteConfigSwift in Frameworks */,
				3BA387962BEA718200D391AB /* FirebaseInAppMessaging-Beta in Frameworks */,
				3BA387882BEA718200D391AB /* FirebaseDatabaseSwift in Frameworks */,
				3BA387922BEA718200D391AB /* FirebaseFunctions in Frameworks */,
				3BA387A82BEA718200D391AB /* FirebaseStorageCombine-Community in Frameworks */,
				3BA387A22BEA718200D391AB /* FirebaseRemoteConfig in Frameworks */,
				3BA3877E2BEA718200D391AB /* FirebaseAppDistribution-Beta in Frameworks */,
				3BA387822BEA718200D391AB /* FirebaseAuthCombine-Community in Frameworks */,
				3BA387A02BEA718200D391AB /* FirebasePerformance in Frameworks */,
				3BA387982BEA718200D391AB /* FirebaseInAppMessagingSwift-Beta in Frameworks */,
				3BA387A62BEA718200D391AB /* FirebaseStorage in Frameworks */,
				3BA3878A2BEA718200D391AB /* FirebaseDynamicLinks in Frameworks */,
				3BA3878E2BEA718200D391AB /* FirebaseFirestoreCombine-Community in Frameworks */,
				3BA3879E2BEA718200D391AB /* FirebaseMessaging in Frameworks */,
				3BA3879A2BEA718200D391AB /* FirebaseInstallations in Frameworks */,
			);
			runOnlyForDeploymentPostprocessing = 0;
		};
/* End PBXFrameworksBuildPhase section */

/* Begin PBXGroup section */
		3BA387522BE66FBB00D391AB = {
			isa = PBXGroup;
			children = (
				3BA3875D2BE66FBB00D391AB /* HomeTask */,
				3BA3875C2BE66FBB00D391AB /* Products */,
			);
			sourceTree = "<group>";
		};
		3BA3875C2BE66FBB00D391AB /* Products */ = {
			isa = PBXGroup;
			children = (
				3BA3875B2BE66FBB00D391AB /* HomeTask.app */,
			);
			name = Products;
			sourceTree = "<group>";
		};
		3BA3875D2BE66FBB00D391AB /* HomeTask */ = {
			isa = PBXGroup;
			children = (
				3BA3875E2BE66FBB00D391AB /* HomeTaskApp.swift */,
				3BA387602BE66FBB00D391AB /* ContentView.swift */,
				3BA387622BE66FBF00D391AB /* Assets.xcassets */,
				3BA387642BE66FBF00D391AB /* Preview Content */,
			);
			path = HomeTask;
			sourceTree = "<group>";
		};
		3BA387642BE66FBF00D391AB /* Preview Content */ = {
			isa = PBXGroup;
			children = (
				3BA387652BE66FBF00D391AB /* Preview Assets.xcassets */,
			);
			path = "Preview Content";
			sourceTree = "<group>";
		};
/* End PBXGroup section */

/* Begin PBXNativeTarget section */
		3BA3875A2BE66FBB00D391AB /* HomeTask */ = {
			isa = PBXNativeTarget;
			buildConfigurationList = 3BA387692BE66FBF00D391AB /* Build configuration list for PBXNativeTarget "HomeTask" */;
			buildPhases = (
				3BA387572BE66FBB00D391AB /* Sources */,
				3BA387582BE66FBB00D391AB /* Frameworks */,
				3BA387592BE66FBB00D391AB /* Resources */,
			);
			buildRules = (
			);
			dependencies = (
			);
			name = HomeTask;
			packageProductDependencies = (
				3BA387732BEA718200D391AB /* FirebaseAnalytics */,
				3BA387752BEA718200D391AB /* FirebaseAnalyticsOnDeviceConversion */,
				3BA387772BEA718200D391AB /* FirebaseAnalyticsSwift */,
				3BA387792BEA718200D391AB /* FirebaseAnalyticsWithoutAdIdSupport */,
				3BA3877B2BEA718200D391AB /* FirebaseAppCheck */,
				3BA3877D2BEA718200D391AB /* FirebaseAppDistribution-Beta */,
				3BA3877F2BEA718200D391AB /* FirebaseAuth */,
				3BA387812BEA718200D391AB /* FirebaseAuthCombine-Community */,
				3BA387832BEA718200D391AB /* FirebaseCrashlytics */,
				3BA387852BEA718200D391AB /* FirebaseDatabase */,
				3BA387872BEA718200D391AB /* FirebaseDatabaseSwift */,
				3BA387892BEA718200D391AB /* FirebaseDynamicLinks */,
				3BA3878B2BEA718200D391AB /* FirebaseFirestore */,
				3BA3878D2BEA718200D391AB /* FirebaseFirestoreCombine-Community */,
				3BA3878F2BEA718200D391AB /* FirebaseFirestoreSwift */,
				3BA387912BEA718200D391AB /* FirebaseFunctions */,
				3BA387932BEA718200D391AB /* FirebaseFunctionsCombine-Community */,
				3BA387952BEA718200D391AB /* FirebaseInAppMessaging-Beta */,
				3BA387972BEA718200D391AB /* FirebaseInAppMessagingSwift-Beta */,
				3BA387992BEA718200D391AB /* FirebaseInstallations */,
				3BA3879B2BEA718200D391AB /* FirebaseMLModelDownloader */,
				3BA3879D2BEA718200D391AB /* FirebaseMessaging */,
				3BA3879F2BEA718200D391AB /* FirebasePerformance */,
				3BA387A12BEA718200D391AB /* FirebaseRemoteConfig */,
				3BA387A32BEA718200D391AB /* FirebaseRemoteConfigSwift */,
				3BA387A52BEA718200D391AB /* FirebaseStorage */,
				3BA387A72BEA718200D391AB /* FirebaseStorageCombine-Community */,
			);
			productName = HomeTask;
			productReference = 3BA3875B2BE66FBB00D391AB /* HomeTask.app */;
			productType = "com.apple.product-type.application";
		};
/* End PBXNativeTarget section */

/* Begin PBXProject section */
		3BA387532BE66FBB00D391AB /* Project object */ = {
			isa = PBXProject;
			attributes = {
				BuildIndependentTargetsInParallel = 1;
				LastSwiftUpdateCheck = 1530;
				LastUpgradeCheck = 1530;
				TargetAttributes = {
					3BA3875A2BE66FBB00D391AB = {
						CreatedOnToolsVersion = 15.3;
					};
				};
			};
			buildConfigurationList = 3BA387562BE66FBB00D391AB /* Build configuration list for PBXProject "HomeTask" */;
			compatibilityVersion = "Xcode 14.0";
			developmentRegion = en;
			hasScannedForEncodings = 0;
			knownRegions = (
				en,
				Base,
			);
			mainGroup = 3BA387522BE66FBB00D391AB;
			packageReferences = (
				3BA387722BEA718200D391AB /* XCRemoteSwiftPackageReference "firebase-ios-sdk" */,
			);
			productRefGroup = 3BA3875C2BE66FBB00D391AB /* Products */;
			projectDirPath = "";
			projectRoot = "";
			targets = (
				3BA3875A2BE66FBB00D391AB /* HomeTask */,
			);
		};
/* End PBXProject section */

/* Begin PBXResourcesBuildPhase section */
		3BA387592BE66FBB00D391AB /* Resources */ = {
			isa = PBXResourcesBuildPhase;
			buildActionMask = 2147483647;
			files = (
				3BA387662BE66FBF00D391AB /* Preview Assets.xcassets in Resources */,
				3BA387632BE66FBF00D391AB /* Assets.xcassets in Resources */,
			);
			runOnlyForDeploymentPostprocessing = 0;
		};
/* End PBXResourcesBuildPhase section */

/* Begin PBXSourcesBuildPhase section */
		3BA387572BE66FBB00D391AB /* Sources */ = {
			isa = PBXSourcesBuildPhase;
			buildActionMask = 2147483647;
			files = (
				3BA387612BE66FBB00D391AB /* ContentView.swift in Sources */,
				3BA3875F2BE66FBB00D391AB /* HomeTaskApp.swift in Sources */,
			);
			runOnlyForDeploymentPostprocessing = 0;
		};
/* End PBXSourcesBuildPhase section */

/* Begin XCBuildConfiguration section */
		3BA387672BE66FBF00D391AB /* Debug */ = {
			isa = XCBuildConfiguration;
			buildSettings = {
				ALWAYS_SEARCH_USER_PATHS = NO;
				ASSETCATALOG_COMPILER_GENERATE_SWIFT_ASSET_SYMBOL_EXTENSIONS = YES;
				CLANG_ANALYZER_NONNULL = YES;
				CLANG_ANALYZER_NUMBER_OBJECT_CONVERSION = YES_AGGRESSIVE;
				CLANG_CXX_LANGUAGE_STANDARD = "gnu++20";
				CLANG_ENABLE_MODULES = YES;
				CLANG_ENABLE_OBJC_ARC = YES;
				CLANG_ENABLE_OBJC_WEAK = YES;
				CLANG_WARN_BLOCK_CAPTURE_AUTORELEASING = YES;
				CLANG_WARN_BOOL_CONVERSION = YES;
				CLANG_WARN_COMMA = YES;
				CLANG_WARN_CONSTANT_CONVERSION = YES;
				CLANG_WARN_DEPRECATED_OBJC_IMPLEMENTATIONS = YES;
				CLANG_WARN_DIRECT_OBJC_ISA_USAGE = YES_ERROR;
				CLANG_WARN_DOCUMENTATION_COMMENTS = YES;
				CLANG_WARN_EMPTY_BODY = YES;
				CLANG_WARN_ENUM_CONVERSION = YES;
				CLANG_WARN_INFINITE_RECURSION = YES;
				CLANG_WARN_INT_CONVERSION = YES;
				CLANG_WARN_NON_LITERAL_NULL_CONVERSION = YES;
				CLANG_WARN_OBJC_IMPLICIT_RETAIN_SELF = YES;
				CLANG_WARN_OBJC_LITERAL_CONVERSION = YES;
				CLANG_WARN_OBJC_ROOT_CLASS = YES_ERROR;
				CLANG_WARN_QUOTED_INCLUDE_IN_FRAMEWORK_HEADER = YES;
				CLANG_WARN_RANGE_LOOP_ANALYSIS = YES;
				CLANG_WARN_STRICT_PROTOTYPES = YES;
				CLANG_WARN_SUSPICIOUS_MOVE = YES;
				CLANG_WARN_UNGUARDED_AVAILABILITY = YES_AGGRESSIVE;
				CLANG_WARN_UNREACHABLE_CODE = YES;
				CLANG_WARN__DUPLICATE_METHOD_MATCH = YES;
				COPY_PHASE_STRIP = NO;
				DEBUG_INFORMATION_FORMAT = dwarf;
				ENABLE_STRICT_OBJC_MSGSEND = YES;
				ENABLE_TESTABILITY = YES;
				ENABLE_USER_SCRIPT_SANDBOXING = YES;
				GCC_C_LANGUAGE_STANDARD = gnu17;
				GCC_DYNAMIC_NO_PIC = NO;
				GCC_NO_COMMON_BLOCKS = YES;
				GCC_OPTIMIZATION_LEVEL = 0;
				GCC_PREPROCESSOR_DEFINITIONS = (
					"DEBUG=1",
					"$(inherited)",
				);
				GCC_WARN_64_TO_32_BIT_CONVERSION = YES;
				GCC_WARN_ABOUT_RETURN_TYPE = YES_ERROR;
				GCC_WARN_UNDECLARED_SELECTOR = YES;
				GCC_WARN_UNINITIALIZED_AUTOS = YES_AGGRESSIVE;
				GCC_WARN_UNUSED_FUNCTION = YES;
				GCC_WARN_UNUSED_VARIABLE = YES;
				IPHONEOS_DEPLOYMENT_TARGET = 17.4;
				LOCALIZATION_PREFERS_STRING_CATALOGS = YES;
				MTL_ENABLE_DEBUG_INFO = INCLUDE_SOURCE;
				MTL_FAST_MATH = YES;
				ONLY_ACTIVE_ARCH = YES;
				SDKROOT = iphoneos;
				SWIFT_ACTIVE_COMPILATION_CONDITIONS = "DEBUG $(inherited)";
				SWIFT_OPTIMIZATION_LEVEL = "-Onone";
			};
			name = Debug;
		};
		3BA387682BE66FBF00D391AB /* Release */ = {
			isa = XCBuildConfiguration;
			buildSettings = {
				ALWAYS_SEARCH_USER_PATHS = NO;
				ASSETCATALOG_COMPILER_GENERATE_SWIFT_ASSET_SYMBOL_EXTENSIONS = YES;
				CLANG_ANALYZER_NONNULL = YES;
				CLANG_ANALYZER_NUMBER_OBJECT_CONVERSION = YES_AGGRESSIVE;
				CLANG_CXX_LANGUAGE_STANDARD = "gnu++20";
				CLANG_ENABLE_MODULES = YES;
				CLANG_ENABLE_OBJC_ARC = YES;
				CLANG_ENABLE_OBJC_WEAK = YES;
				CLANG_WARN_BLOCK_CAPTURE_AUTORELEASING = YES;
				CLANG_WARN_BOOL_CONVERSION = YES;
				CLANG_WARN_COMMA = YES;
				CLANG_WARN_CONSTANT_CONVERSION = YES;
				CLANG_WARN_DEPRECATED_OBJC_IMPLEMENTATIONS = YES;
				CLANG_WARN_DIRECT_OBJC_ISA_USAGE = YES_ERROR;
				CLANG_WARN_DOCUMENTATION_COMMENTS = YES;
				CLANG_WARN_EMPTY_BODY = YES;
				CLANG_WARN_ENUM_CONVERSION = YES;
				CLANG_WARN_INFINITE_RECURSION = YES;
				CLANG_WARN_INT_CONVERSION = YES;
				CLANG_WARN_NON_LITERAL_NULL_CONVERSION = YES;
				CLANG_WARN_OBJC_IMPLICIT_RETAIN_SELF = YES;
				CLANG_WARN_OBJC_LITERAL_CONVERSION = YES;
				CLANG_WARN_OBJC_ROOT_CLASS = YES_ERROR;
				CLANG_WARN_QUOTED_INCLUDE_IN_FRAMEWORK_HEADER = YES;
				CLANG_WARN_RANGE_LOOP_ANALYSIS = YES;
				CLANG_WARN_STRICT_PROTOTYPES = YES;
				CLANG_WARN_SUSPICIOUS_MOVE = YES;
				CLANG_WARN_UNGUARDED_AVAILABILITY = YES_AGGRESSIVE;
				CLANG_WARN_UNREACHABLE_CODE = YES;
				CLANG_WARN__DUPLICATE_METHOD_MATCH = YES;
				COPY_PHASE_STRIP = NO;
				DEBUG_INFORMATION_FORMAT = "dwarf-with-dsym";
				ENABLE_NS_ASSERTIONS = NO;
				ENABLE_STRICT_OBJC_MSGSEND = YES;
				ENABLE_USER_SCRIPT_SANDBOXING = YES;
				GCC_C_LANGUAGE_STANDARD = gnu17;
				GCC_NO_COMMON_BLOCKS = YES;
				GCC_WARN_64_TO_32_BIT_CONVERSION = YES;
				GCC_WARN_ABOUT_RETURN_TYPE = YES_ERROR;
				GCC_WARN_UNDECLARED_SELECTOR = YES;
				GCC_WARN_UNINITIALIZED_AUTOS = YES_AGGRESSIVE;
				GCC_WARN_UNUSED_FUNCTION = YES;
				GCC_WARN_UNUSED_VARIABLE = YES;
				IPHONEOS_DEPLOYMENT_TARGET = 17.4;
				LOCALIZATION_PREFERS_STRING_CATALOGS = YES;
				MTL_ENABLE_DEBUG_INFO = NO;
				MTL_FAST_MATH = YES;
				SDKROOT = iphoneos;
				SWIFT_COMPILATION_MODE = wholemodule;
				VALIDATE_PRODUCT = YES;
			};
			name = Release;
		};
		3BA3876A2BE66FBF00D391AB /* Debug */ = {
			isa = XCBuildConfiguration;
			buildSettings = {
				ASSETCATALOG_COMPILER_APPICON_NAME = AppIcon;
				ASSETCATALOG_COMPILER_GLOBAL_ACCENT_COLOR_NAME = AccentColor;
				CODE_SIGN_STYLE = Automatic;
				CURRENT_PROJECT_VERSION = 1;
				DEVELOPMENT_ASSET_PATHS = "\"HomeTask/Preview Content\"";
				DEVELOPMENT_TEAM = FQWAP959Y3;
				ENABLE_PREVIEWS = YES;
				GENERATE_INFOPLIST_FILE = YES;
				INFOPLIST_KEY_UIApplicationSceneManifest_Generation = YES;
				INFOPLIST_KEY_UIApplicationSupportsIndirectInputEvents = YES;
				INFOPLIST_KEY_UILaunchScreen_Generation = YES;
				INFOPLIST_KEY_UISupportedInterfaceOrientations_iPad = "UIInterfaceOrientationPortrait UIInterfaceOrientationPortraitUpsideDown UIInterfaceOrientationLandscapeLeft UIInterfaceOrientationLandscapeRight";
				INFOPLIST_KEY_UISupportedInterfaceOrientations_iPhone = "UIInterfaceOrientationPortrait UIInterfaceOrientationLandscapeLeft UIInterfaceOrientationLandscapeRight";
				LD_RUNPATH_SEARCH_PATHS = (
					"$(inherited)",
					"@executable_path/Frameworks",
				);
				MARKETING_VERSION = 1.0;
				PRODUCT_BUNDLE_IDENTIFIER = com.onflyer.HomeTask;
				PRODUCT_NAME = "$(TARGET_NAME)";
				SWIFT_EMIT_LOC_STRINGS = YES;
				SWIFT_VERSION = 5.0;
				TARGETED_DEVICE_FAMILY = "1,2";
			};
			name = Debug;
		};
		3BA3876B2BE66FBF00D391AB /* Release */ = {
			isa = XCBuildConfiguration;
			buildSettings = {
				ASSETCATALOG_COMPILER_APPICON_NAME = AppIcon;
				ASSETCATALOG_COMPILER_GLOBAL_ACCENT_COLOR_NAME = AccentColor;
				CODE_SIGN_STYLE = Automatic;
				CURRENT_PROJECT_VERSION = 1;
				DEVELOPMENT_ASSET_PATHS = "\"HomeTask/Preview Content\"";
				DEVELOPMENT_TEAM = FQWAP959Y3;
				ENABLE_PREVIEWS = YES;
				GENERATE_INFOPLIST_FILE = YES;
				INFOPLIST_KEY_UIApplicationSceneManifest_Generation = YES;
				INFOPLIST_KEY_UIApplicationSupportsIndirectInputEvents = YES;
				INFOPLIST_KEY_UILaunchScreen_Generation = YES;
				INFOPLIST_KEY_UISupportedInterfaceOrientations_iPad = "UIInterfaceOrientationPortrait UIInterfaceOrientationPortraitUpsideDown UIInterfaceOrientationLandscapeLeft UIInterfaceOrientationLandscapeRight";
				INFOPLIST_KEY_UISupportedInterfaceOrientations_iPhone = "UIInterfaceOrientationPortrait UIInterfaceOrientationLandscapeLeft UIInterfaceOrientationLandscapeRight";
				LD_RUNPATH_SEARCH_PATHS = (
					"$(inherited)",
					"@executable_path/Frameworks",
				);
				MARKETING_VERSION = 1.0;
				PRODUCT_BUNDLE_IDENTIFIER = com.onflyer.HomeTask;
				PRODUCT_NAME = "$(TARGET_NAME)";
				SWIFT_EMIT_LOC_STRINGS = YES;
				SWIFT_VERSION = 5.0;
				TARGETED_DEVICE_FAMILY = "1,2";
			};
			name = Release;
		};
/* End XCBuildConfiguration section */

/* Begin XCConfigurationList section */
		3BA387562BE66FBB00D391AB /* Build configuration list for PBXProject "HomeTask" */ = {
			isa = XCConfigurationList;
			buildConfigurations = (
				3BA387672BE66FBF00D391AB /* Debug */,
				3BA387682BE66FBF00D391AB /* Release */,
			);
			defaultConfigurationIsVisible = 0;
			defaultConfigurationName = Release;
		};
		3BA387692BE66FBF00D391AB /* Build configuration list for PBXNativeTarget "HomeTask" */ = {
			isa = XCConfigurationList;
			buildConfigurations = (
				3BA3876A2BE66FBF00D391AB /* Debug */,
				3BA3876B2BE66FBF00D391AB /* Release */,
			);
			defaultConfigurationIsVisible = 0;
			defaultConfigurationName = Release;
		};
/* End XCConfigurationList section */

/* Begin XCRemoteSwiftPackageReference section */
		3BA387722BEA718200D391AB /* XCRemoteSwiftPackageReference "firebase-ios-sdk" */ = {
			isa = XCRemoteSwiftPackageReference;
			repositoryURL = "https://github.com/firebase/firebase-ios-sdk";
			requirement = {
				kind = upToNextMajorVersion;
				minimumVersion = 10.25.0;
			};
		};
/* End XCRemoteSwiftPackageReference section */

/* Begin XCSwiftPackageProductDependency section */
		3BA387732BEA718200D391AB /* FirebaseAnalytics */ = {
			isa = XCSwiftPackageProductDependency;
			package = 3BA387722BEA718200D391AB /* XCRemoteSwiftPackageReference "firebase-ios-sdk" */;
			productName = FirebaseAnalytics;
		};
		3BA387752BEA718200D391AB /* FirebaseAnalyticsOnDeviceConversion */ = {
			isa = XCSwiftPackageProductDependency;
			package = 3BA387722BEA718200D391AB /* XCRemoteSwiftPackageReference "firebase-ios-sdk" */;
			productName = FirebaseAnalyticsOnDeviceConversion;
		};
		3BA387772BEA718200D391AB /* FirebaseAnalyticsSwift */ = {
			isa = XCSwiftPackageProductDependency;
			package = 3BA387722BEA718200D391AB /* XCRemoteSwiftPackageReference "firebase-ios-sdk" */;
			productName = FirebaseAnalyticsSwift;
		};
		3BA387792BEA718200D391AB /* FirebaseAnalyticsWithoutAdIdSupport */ = {
			isa = XCSwiftPackageProductDependency;
			package = 3BA387722BEA718200D391AB /* XCRemoteSwiftPackageReference "firebase-ios-sdk" */;
			productName = FirebaseAnalyticsWithoutAdIdSupport;
		};
		3BA3877B2BEA718200D391AB /* FirebaseAppCheck */ = {
			isa = XCSwiftPackageProductDependency;
			package = 3BA387722BEA718200D391AB /* XCRemoteSwiftPackageReference "firebase-ios-sdk" */;
			productName = FirebaseAppCheck;
		};
		3BA3877D2BEA718200D391AB /* FirebaseAppDistribution-Beta */ = {
			isa = XCSwiftPackageProductDependency;
			package = 3BA387722BEA718200D391AB /* XCRemoteSwiftPackageReference "firebase-ios-sdk" */;
			productName = "FirebaseAppDistribution-Beta";
		};
		3BA3877F2BEA718200D391AB /* FirebaseAuth */ = {
			isa = XCSwiftPackageProductDependency;
			package = 3BA387722BEA718200D391AB /* XCRemoteSwiftPackageReference "firebase-ios-sdk" */;
			productName = FirebaseAuth;
		};
		3BA387812BEA718200D391AB /* FirebaseAuthCombine-Community */ = {
			isa = XCSwiftPackageProductDependency;
			package = 3BA387722BEA718200D391AB /* XCRemoteSwiftPackageReference "firebase-ios-sdk" */;
			productName = "FirebaseAuthCombine-Community";
		};
		3BA387832BEA718200D391AB /* FirebaseCrashlytics */ = {
			isa = XCSwiftPackageProductDependency;
			package = 3BA387722BEA718200D391AB /* XCRemoteSwiftPackageReference "firebase-ios-sdk" */;
			productName = FirebaseCrashlytics;
		};
		3BA387852BEA718200D391AB /* FirebaseDatabase */ = {
			isa = XCSwiftPackageProductDependency;
			package = 3BA387722BEA718200D391AB /* XCRemoteSwiftPackageReference "firebase-ios-sdk" */;
			productName = FirebaseDatabase;
		};
		3BA387872BEA718200D391AB /* FirebaseDatabaseSwift */ = {
			isa = XCSwiftPackageProductDependency;
			package = 3BA387722BEA718200D391AB /* XCRemoteSwiftPackageReference "firebase-ios-sdk" */;
			productName = FirebaseDatabaseSwift;
		};
		3BA387892BEA718200D391AB /* FirebaseDynamicLinks */ = {
			isa = XCSwiftPackageProductDependency;
			package = 3BA387722BEA718200D391AB /* XCRemoteSwiftPackageReference "firebase-ios-sdk" */;
			productName = FirebaseDynamicLinks;
		};
		3BA3878B2BEA718200D391AB /* FirebaseFirestore */ = {
			isa = XCSwiftPackageProductDependency;
			package = 3BA387722BEA718200D391AB /* XCRemoteSwiftPackageReference "firebase-ios-sdk" */;
			productName = FirebaseFirestore;
		};
		3BA3878D2BEA718200D391AB /* FirebaseFirestoreCombine-Community */ = {
			isa = XCSwiftPackageProductDependency;
			package = 3BA387722BEA718200D391AB /* XCRemoteSwiftPackageReference "firebase-ios-sdk" */;
			productName = "FirebaseFirestoreCombine-Community";
		};
		3BA3878F2BEA718200D391AB /* FirebaseFirestoreSwift */ = {
			isa = XCSwiftPackageProductDependency;
			package = 3BA387722BEA718200D391AB /* XCRemoteSwiftPackageReference "firebase-ios-sdk" */;
			productName = FirebaseFirestoreSwift;
		};
		3BA387912BEA718200D391AB /* FirebaseFunctions */ = {
			isa = XCSwiftPackageProductDependency;
			package = 3BA387722BEA718200D391AB /* XCRemoteSwiftPackageReference "firebase-ios-sdk" */;
			productName = FirebaseFunctions;
		};
		3BA387932BEA718200D391AB /* FirebaseFunctionsCombine-Community */ = {
			isa = XCSwiftPackageProductDependency;
			package = 3BA387722BEA718200D391AB /* XCRemoteSwiftPackageReference "firebase-ios-sdk" */;
			productName = "FirebaseFunctionsCombine-Community";
		};
		3BA387952BEA718200D391AB /* FirebaseInAppMessaging-Beta */ = {
			isa = XCSwiftPackageProductDependency;
			package = 3BA387722BEA718200D391AB /* XCRemoteSwiftPackageReference "firebase-ios-sdk" */;
			productName = "FirebaseInAppMessaging-Beta";
		};
		3BA387972BEA718200D391AB /* FirebaseInAppMessagingSwift-Beta */ = {
			isa = XCSwiftPackageProductDependency;
			package = 3BA387722BEA718200D391AB /* XCRemoteSwiftPackageReference "firebase-ios-sdk" */;
			productName = "FirebaseInAppMessagingSwift-Beta";
		};
		3BA387992BEA718200D391AB /* FirebaseInstallations */ = {
			isa = XCSwiftPackageProductDependency;
			package = 3BA387722BEA718200D391AB /* XCRemoteSwiftPackageReference "firebase-ios-sdk" */;
			productName = FirebaseInstallations;
		};
		3BA3879B2BEA718200D391AB /* FirebaseMLModelDownloader */ = {
			isa = XCSwiftPackageProductDependency;
			package = 3BA387722BEA718200D391AB /* XCRemoteSwiftPackageReference "firebase-ios-sdk" */;
			productName = FirebaseMLModelDownloader;
		};
		3BA3879D2BEA718200D391AB /* FirebaseMessaging */ = {
			isa = XCSwiftPackageProductDependency;
			package = 3BA387722BEA718200D391AB /* XCRemoteSwiftPackageReference "firebase-ios-sdk" */;
			productName = FirebaseMessaging;
		};
		3BA3879F2BEA718200D391AB /* FirebasePerformance */ = {
			isa = XCSwiftPackageProductDependency;
			package = 3BA387722BEA718200D391AB /* XCRemoteSwiftPackageReference "firebase-ios-sdk" */;
			productName = FirebasePerformance;
		};
		3BA387A12BEA718200D391AB /* FirebaseRemoteConfig */ = {
			isa = XCSwiftPackageProductDependency;
			package = 3BA387722BEA718200D391AB /* XCRemoteSwiftPackageReference "firebase-ios-sdk" */;
			productName = FirebaseRemoteConfig;
		};
		3BA387A32BEA718200D391AB /* FirebaseRemoteConfigSwift */ = {
			isa = XCSwiftPackageProductDependency;
			package = 3BA387722BEA718200D391AB /* XCRemoteSwiftPackageReference "firebase-ios-sdk" */;
			productName = FirebaseRemoteConfigSwift;
		};
		3BA387A52BEA718200D391AB /* FirebaseStorage */ = {
			isa = XCSwiftPackageProductDependency;
			package = 3BA387722BEA718200D391AB /* XCRemoteSwiftPackageReference "firebase-ios-sdk" */;
			productName = FirebaseStorage;
		};
		3BA387A72BEA718200D391AB /* FirebaseStorageCombine-Community */ = {
			isa = XCSwiftPackageProductDependency;
			package = 3BA387722BEA718200D391AB /* XCRemoteSwiftPackageReference "firebase-ios-sdk" */;
			productName = "FirebaseStorageCombine-Community";
		};
/* End XCSwiftPackageProductDependency section */
	};
	rootObject = 3BA387532BE66FBB00D391AB /* Project object */;
}
